
Microsoft Visual Studio Solution File, Format Version 12.00
# Visual Studio Version 17
VisualStudioVersion = 17.3.32901.215
MinimumVisualStudioVersion = 10.0.40219.1
Project("{FAE04EC0-301F-11D3-BF4B-00C04F79EFBC}") = "Calculator", "Calculator\Calculator.csproj", "{4A2B1404-7824-49B2-92A6-B92C439077E3}"
EndProject
Project("{FAE04EC0-301F-11D3-BF4B-00C04F79EFBC}") = "CalculatorClient", "CalculatorClient\CalculatorClient.csproj", "{04E6F7D9-E7A4-4C9F-B488-ABB88939BF1E}"
	ProjectSection(ProjectDependencies) = postProject
		{4A2B1404-7824-49B2-92A6-B92C439077E3} = {4A2B1404-7824-49B2-92A6-B92C439077E3}
	EndProjectSection
EndProject
Global
	GlobalSection(SolutionConfigurationPlatforms) = preSolution
		Debug|Any CPU = Debug|Any CPU
		Release|Any CPU = Release|Any CPU
	EndGlobalSection
	GlobalSection(ProjectConfigurationPlatforms) = postSolution
		{4A2B1404-7824-49B2-92A6-B92C439077E3}.Debug|Any CPU.ActiveCfg = Debug|Any CPU
		{4A2B1404-7824-49B2-92A6-B92C439077E3}.Debug|Any CPU.Build.0 = Debug|Any CPU
		{4A2B1404-7824-49B2-92A6-B92C439077E3}.Release|Any CPU.ActiveCfg = Release|Any CPU
		{4A2B1404-7824-49B2-92A6-B92C439077E3}.Release|Any CPU.Build.0 = Release|Any CPU
		{04E6F7D9-E7A4-4C9F-B488-ABB88939BF1E}.Debug|Any CPU.ActiveCfg = Debug|Any CPU
		{04E6F7D9-E7A4-4C9F-B488-ABB88939BF1E}.Debug|Any CPU.Build.0 = Debug|Any CPU
		{04E6F7D9-E7A4-4C9F-B488-ABB88939BF1E}.Release|Any CPU.ActiveCfg = Release|Any CPU
		{04E6F7D9-E7A4-4C9F-B488-ABB88939BF1E}.Release|Any CPU.Build.0 = Release|Any CPU
	EndGlobalSection
	GlobalSection(SolutionProperties) = preSolution
		HideSolutionNode = FALSE
	EndGlobalSection
	GlobalSection(ExtensibilityGlobals) = postSolution
		SolutionGuid = {63FE71CE-AF3C-46A9-A345-CC84851EB3A5}
	EndGlobalSection
EndGlobal
